<?xml version="1.0" encoding="utf-8"?>
<Project ToolsVersion="4.0" xmlns="http://schemas.microsoft.com/developer/msbuild/2003">
  <ItemGroup>
    <Filter Include="Source Files">
      <UniqueIdentifier>{341fb76d-5bd5-4a1f-b1aa-0c27f960bc83}</UniqueIdentifier>
      <Extensions>cpp;c;cxx;rc;def;r;odl;idl;hpj;bat</Extensions>
    </Filter>
    <Filter Include="Header Files">
      <UniqueIdentifier>{20de32fd-29c8-4534-9868-c9541ba0ffe1}</UniqueIdentifier>
      <Extensions>h;hpp;hxx;hm;inl</Extensions>
    </Filter>
    <Filter Include="Resource Files">
      <UniqueIdentifier>{6de77168-cba9-4427-ad67-6fde6cbdc65a}</UniqueIdentifier>
      <Extensions>ico;cur;bmp;dlg;rc2;rct;bin;rgs;gif;jpg;jpeg;jpe</Extensions>
    </Filter>
  </ItemGroup>
  <ItemGroup>
    <ClCompile Include="..\code\AlertErrHandler.cpp">
      <Filter>Source Files</Filter>
    </ClCompile>
    <ClCompile Include="..\code\AnimPicker.cpp">
      <Filter>Source Files</Filter>
    </ClCompile>
    <ClCompile Include="..\code\ASEFile.cpp">
      <Filter>Source Files</Filter>
    </ClCompile>
    <ClCompile Include="..\code\Assimilate.cpp">
      <Filter>Source Files</Filter>
    </ClCompile>
    <ClCompile Include="..\code\AssimilateDoc.cpp">
      <Filter>Source Files</Filter>
    </ClCompile>
    <ClCompile Include="..\code\AssimilateView.cpp">
      <Filter>Source Files</Filter>
    </ClCompile>
    <ClCompile Include="..\code\BuildAll.cpp">
      <Filter>Source Files</Filter>
    </ClCompile>
    <ClCompile Include="..\code\Comment.cpp">
      <Filter>Source Files</Filter>
    </ClCompile>
    <ClCompile Include="..\code\Common\cmdlib.c">
      <Filter>Source Files</Filter>
    </ClCompile>
    <ClCompile Include="..\code\Common\mathlib.c">
      <Filter>Source Files</Filter>
    </ClCompile>
    <ClCompile Include="..\code\gla.cpp">
      <Filter>Source Files</Filter>
    </ClCompile>
    <ClCompile Include="..\code\MainFrm.cpp">
      <Filter>Source Files</Filter>
    </ClCompile>
    <ClCompile Include="..\code\matcomp.c">
      <Filter>Source Files</Filter>
    </ClCompile>
    <ClCompile Include="..\code\matrix4.cpp">
      <Filter>Source Files</Filter>
    </ClCompile>
    <ClCompile Include="..\code\Model.cpp">
      <Filter>Source Files</Filter>
    </ClCompile>
    <ClCompile Include="..\code\Module.cpp">
      <Filter>Source Files</Filter>
    </ClCompile>
    <ClCompile Include="..\code\oddbits.cpp">
      <Filter>Source Files</Filter>
    </ClCompile>
    <ClCompile Include="..\code\Sequences.cpp">
      <Filter>Source Files</Filter>
    </ClCompile>
    <ClCompile Include="..\code\StdAfx.cpp">
      <Filter>Source Files</Filter>
    </ClCompile>
    <ClCompile Include="..\code\Tokenizer.cpp">
      <Filter>Source Files</Filter>
    </ClCompile>
    <ClCompile Include="..\code\TxtFile.cpp">
      <Filter>Source Files</Filter>
    </ClCompile>
    <ClCompile Include="..\code\vect3.cpp">
      <Filter>Source Files</Filter>
    </ClCompile>
    <ClCompile Include="..\code\xsiimp.cpp">
      <Filter>Source Files</Filter>
    </ClCompile>
    <ClCompile Include="..\code\xsilib.c">
      <Filter>Source Files</Filter>
    </ClCompile>
    <ClCompile Include="..\code\YesNoYesAllNoAll.cpp">
      <Filter>Source Files</Filter>
    </ClCompile>
  </ItemGroup>
  <ItemGroup>
    <ClInclude Include="..\code\common\cmdlib.h">
      <Filter>Header Files</Filter>
    </ClInclude>
    <ClInclude Include="..\code\common\mathlib.h">
      <Filter>Header Files</Filter>
    </ClInclude>
    <ClInclude Include="..\code\common\polyset.h">
      <Filter>Header Files</Filter>
    </ClInclude>
    <ClInclude Include="..\code\AlertErrHandler.h">
      <Filter>Header Files</Filter>
    </ClInclude>
    <ClInclude Include="..\code\AnimPicker.h">
      <Filter>Header Files</Filter>
    </ClInclude>
    <ClInclude Include="..\code\ASEFile.h">
      <Filter>Header Files</Filter>
    </ClInclude>
    <ClInclude Include="..\code\Assimilate.h">
      <Filter>Header Files</Filter>
    </ClInclude>
    <ClInclude Include="..\code\AssimilateDoc.h">
      <Filter>Header Files</Filter>
    </ClInclude>
    <ClInclude Include="..\code\AssimilateView.h">
      <Filter>Header Files</Filter>
    </ClInclude>
    <ClInclude Include="..\code\BuildAll.h">
      <Filter>Header Files</Filter>
    </ClInclude>
    <ClInclude Include="..\code\Comment.h">
      <Filter>Header Files</Filter>
    </ClInclude>
    <ClInclude Include="..\code\gla.h">
      <Filter>Header Files</Filter>
    </ClInclude>
    <ClInclude Include="..\code\includes.h">
      <Filter>Header Files</Filter>
    </ClInclude>
    <ClInclude Include="..\code\MainFrm.h">
      <Filter>Header Files</Filter>
    </ClInclude>
    <ClInclude Include="..\code\matcomp.h">
      <Filter>Header Files</Filter>
    </ClInclude>
    <ClInclude Include="..\code\matrix4.h">
      <Filter>Header Files</Filter>
    </ClInclude>
    <ClInclude Include="..\code\mdx_format.h">
      <Filter>Header Files</Filter>
    </ClInclude>
    <ClInclude Include="..\code\Model.h">
      <Filter>Header Files</Filter>
    </ClInclude>
    <ClInclude Include="..\code\Module.h">
      <Filter>Header Files</Filter>
    </ClInclude>
    <ClInclude Include="..\code\oddbits.h">
      <Filter>Header Files</Filter>
    </ClInclude>
    <ClInclude Include="..\code\res\Resource.h">
      <Filter>Header Files</Filter>
    </ClInclude>
    <ClInclude Include="..\code\Sequences.h">
      <Filter>Header Files</Filter>
    </ClInclude>
    <ClInclude Include="..\code\ssauterr.h">
      <Filter>Header Files</Filter>
    </ClInclude>
    <ClInclude Include="..\code\ssauto.h">
      <Filter>Header Files</Filter>
    </ClInclude>
    <ClInclude Include="..\code\StdAfx.h">
      <Filter>Header Files</Filter>
    </ClInclude>
    <ClInclude Include="..\code\Tokenizer.h">
      <Filter>Header Files</Filter>
    </ClInclude>
    <ClInclude Include="..\code\TxtFile.h">
      <Filter>Header Files</Filter>
    </ClInclude>
    <ClInclude Include="..\code\vect3.h">
      <Filter>Header Files</Filter>
    </ClInclude>
    <ClInclude Include="..\code\xsiimp.h">
      <Filter>Header Files</Filter>
    </ClInclude>
    <ClInclude Include="..\code\xsilib.h">
      <Filter>Header Files</Filter>
    </ClInclude>
    <ClInclude Include="..\code\YesNoYesAllNoAll.h">
      <Filter>Header Files</Filter>
    </ClInclude>
  </ItemGroup>
  <ItemGroup>
    <Image Include="..\code\res\Assimilate.ico">
      <Filter>Resource Files</Filter>
    </Image>
    <Image Include="..\code\res\AssimilateDoc.ico">
      <Filter>Resource Files</Filter>
    </Image>
    <Image Include="..\code\res\Toolbar.bmp">
      <Filter>Resource Files</Filter>
    </Image>
    <Image Include="..\code\res\treeimag.bmp">
      <Filter>Resource Files</Filter>
    </Image>
  </ItemGroup>
  <ItemGroup>
    <ResourceCompile Include="..\code\res\Assimilate.rc">
      <Filter>Source Files</Filter>
    </ResourceCompile>
  </ItemGroup>
</Project>